
Microsoft Visual Studio Solution File, Format Version 12.00
# Visual Studio 15
VisualStudioVersion = 15.0.26124.0
MinimumVisualStudioVersion = 15.0.26124.0
Project("{2150E333-8FDC-42A3-9474-1A3956D46DE8}") = "src", "src", "{1707BDAA-36BB-4FA7-BB65-41B269644A06}"
EndProject
Project("{F2A71F9B-5D33-465A-A702-920D77279786}") = "Informedica.GenUnits.Lib", "src\Informedica.GenUnits.Lib\Informedica.GenUnits.Lib.fsproj", "{EE963D07-F118-42AE-B28F-6CEE8A5CB7E3}"
EndProject
Project("{2150E333-8FDC-42A3-9474-1A3956D46DE8}") = "tests", "tests", "{50A765CD-3366-498F-98E2-E3BE57395BE3}"
EndProject
Project("{F2A71F9B-5D33-465A-A702-920D77279786}") = "Informedica.GenUnits.Tests", "tests\Informedica.GenUnits.Tests\Informedica.GenUnits.Tests.fsproj", "{4DBF9613-9A14-45C2-A07B-3C2D4EF97C29}"
EndProject
Global
	GlobalSection(SolutionConfigurationPlatforms) = preSolution
		Debug|Any CPU = Debug|Any CPU
		Debug|x64 = Debug|x64
		Debug|x86 = Debug|x86
		Release|Any CPU = Release|Any CPU
		Release|x64 = Release|x64
		Release|x86 = Release|x86
	EndGlobalSection
	GlobalSection(SolutionProperties) = preSolution
		HideSolutionNode = FALSE
	EndGlobalSection
	GlobalSection(ProjectConfigurationPlatforms) = postSolution
		{EE963D07-F118-42AE-B28F-6CEE8A5CB7E3}.Debug|Any CPU.ActiveCfg = Debug|Any CPU
		{EE963D07-F118-42AE-B28F-6CEE8A5CB7E3}.Debug|Any CPU.Build.0 = Debug|Any CPU
		{EE963D07-F118-42AE-B28F-6CEE8A5CB7E3}.Debug|x64.ActiveCfg = Debug|Any CPU
		{EE963D07-F118-42AE-B28F-6CEE8A5CB7E3}.Debug|x64.Build.0 = Debug|Any CPU
		{EE963D07-F118-42AE-B28F-6CEE8A5CB7E3}.Debug|x86.ActiveCfg = Debug|Any CPU
		{EE963D07-F118-42AE-B28F-6CEE8A5CB7E3}.Debug|x86.Build.0 = Debug|Any CPU
		{EE963D07-F118-42AE-B28F-6CEE8A5CB7E3}.Release|Any CPU.ActiveCfg = Release|Any CPU
		{EE963D07-F118-42AE-B28F-6CEE8A5CB7E3}.Release|Any CPU.Build.0 = Release|Any CPU
		{EE963D07-F118-42AE-B28F-6CEE8A5CB7E3}.Release|x64.ActiveCfg = Release|Any CPU
		{EE963D07-F118-42AE-B28F-6CEE8A5CB7E3}.Release|x64.Build.0 = Release|Any CPU
		{EE963D07-F118-42AE-B28F-6CEE8A5CB7E3}.Release|x86.ActiveCfg = Release|Any CPU
		{EE963D07-F118-42AE-B28F-6CEE8A5CB7E3}.Release|x86.Build.0 = Release|Any CPU
		{4DBF9613-9A14-45C2-A07B-3C2D4EF97C29}.Debug|Any CPU.ActiveCfg = Debug|Any CPU
		{4DBF9613-9A14-45C2-A07B-3C2D4EF97C29}.Debug|Any CPU.Build.0 = Debug|Any CPU
		{4DBF9613-9A14-45C2-A07B-3C2D4EF97C29}.Debug|x64.ActiveCfg = Debug|Any CPU
		{4DBF9613-9A14-45C2-A07B-3C2D4EF97C29}.Debug|x64.Build.0 = Debug|Any CPU
		{4DBF9613-9A14-45C2-A07B-3C2D4EF97C29}.Debug|x86.ActiveCfg = Debug|Any CPU
		{4DBF9613-9A14-45C2-A07B-3C2D4EF97C29}.Debug|x86.Build.0 = Debug|Any CPU
		{4DBF9613-9A14-45C2-A07B-3C2D4EF97C29}.Release|Any CPU.ActiveCfg = Release|Any CPU
		{4DBF9613-9A14-45C2-A07B-3C2D4EF97C29}.Release|Any CPU.Build.0 = Release|Any CPU
		{4DBF9613-9A14-45C2-A07B-3C2D4EF97C29}.Release|x64.ActiveCfg = Release|Any CPU
		{4DBF9613-9A14-45C2-A07B-3C2D4EF97C29}.Release|x64.Build.0 = Release|Any CPU
		{4DBF9613-9A14-45C2-A07B-3C2D4EF97C29}.Release|x86.ActiveCfg = Release|Any CPU
		{4DBF9613-9A14-45C2-A07B-3C2D4EF97C29}.Release|x86.Build.0 = Release|Any CPU
	EndGlobalSection
	GlobalSection(NestedProjects) = preSolution
		{EE963D07-F118-42AE-B28F-6CEE8A5CB7E3} = {1707BDAA-36BB-4FA7-BB65-41B269644A06}
		{4DBF9613-9A14-45C2-A07B-3C2D4EF97C29} = {50A765CD-3366-498F-98E2-E3BE57395BE3}
	EndGlobalSection
EndGlobal
